
Microsoft Visual Studio Solution File, Format Version 12.00
# Visual Studio Version 17
VisualStudioVersion = 17.13.35931.197
MinimumVisualStudioVersion = 10.0.40219.1
Project("{FAE04EC0-301F-11D3-BF4B-00C04F79EFBC}") = "cambiar_aula", "backtracking\cambiar_aula.csproj", "{D7CACAF8-D94B-4C9D-8D96-78351F7A1609}"
EndProject
Global
	GlobalSection(SolutionConfigurationPlatforms) = preSolution
		Debug|Any CPU = Debug|Any CPU
		Release|Any CPU = Release|Any CPU
	EndGlobalSection
	GlobalSection(ProjectConfigurationPlatforms) = postSolution
		{D7CACAF8-D94B-4C9D-8D96-78351F7A1609}.Debug|Any CPU.ActiveCfg = Debug|Any CPU
		{D7CACAF8-D94B-4C9D-8D96-78351F7A1609}.Debug|Any CPU.Build.0 = Debug|Any CPU
		{D7CACAF8-D94B-4C9D-8D96-78351F7A1609}.Release|Any CPU.ActiveCfg = Release|Any CPU
		{D7CACAF8-D94B-4C9D-8D96-78351F7A1609}.Release|Any CPU.Build.0 = Release|Any CPU
	EndGlobalSection
	GlobalSection(SolutionProperties) = preSolution
		HideSolutionNode = FALSE
	EndGlobalSection
	GlobalSection(ExtensibilityGlobals) = postSolution
		SolutionGuid = {D405DA35-5BCE-4BB8-9178-CC6809B8D432}
	EndGlobalSection
EndGlobal
