
Microsoft Visual Studio Solution File, Format Version 12.00
# Visual Studio Version 17
VisualStudioVersion = 17.13.35931.197 d17.13
MinimumVisualStudioVersion = 10.0.40219.1
Project("{FAE04EC0-301F-11D3-BF4B-00C04F79EFBC}") = "SumaSubconjuntosBT", "SumaSubconjuntosBT\SumaSubconjuntosBT.csproj", "{3AB1B99C-1C54-4CCE-B240-931F5DC82318}"
EndProject
Global
	GlobalSection(SolutionConfigurationPlatforms) = preSolution
		Debug|Any CPU = Debug|Any CPU
		Release|Any CPU = Release|Any CPU
	EndGlobalSection
	GlobalSection(ProjectConfigurationPlatforms) = postSolution
		{3AB1B99C-1C54-4CCE-B240-931F5DC82318}.Debug|Any CPU.ActiveCfg = Debug|Any CPU
		{3AB1B99C-1C54-4CCE-B240-931F5DC82318}.Debug|Any CPU.Build.0 = Debug|Any CPU
		{3AB1B99C-1C54-4CCE-B240-931F5DC82318}.Release|Any CPU.ActiveCfg = Release|Any CPU
		{3AB1B99C-1C54-4CCE-B240-931F5DC82318}.Release|Any CPU.Build.0 = Release|Any CPU
	EndGlobalSection
	GlobalSection(SolutionProperties) = preSolution
		HideSolutionNode = FALSE
	EndGlobalSection
	GlobalSection(ExtensibilityGlobals) = postSolution
		SolutionGuid = {507898DB-1087-4CCA-BF00-938193387790}
	EndGlobalSection
EndGlobal
