
Microsoft Visual Studio Solution File, Format Version 12.00
# Visual Studio Version 17
VisualStudioVersion = 17.13.35931.197 d17.13
MinimumVisualStudioVersion = 10.0.40219.1
Project("{FAE04EC0-301F-11D3-BF4B-00C04F79EFBC}") = "hilocomunicados", "hilocomunicados\hilocomunicados.csproj", "{229EFEA7-2DA5-4B98-ACD5-BD7DEE5CD753}"
EndProject
Global
	GlobalSection(SolutionConfigurationPlatforms) = preSolution
		Debug|Any CPU = Debug|Any CPU
		Release|Any CPU = Release|Any CPU
	EndGlobalSection
	GlobalSection(ProjectConfigurationPlatforms) = postSolution
		{229EFEA7-2DA5-4B98-ACD5-BD7DEE5CD753}.Debug|Any CPU.ActiveCfg = Debug|Any CPU
		{229EFEA7-2DA5-4B98-ACD5-BD7DEE5CD753}.Debug|Any CPU.Build.0 = Debug|Any CPU
		{229EFEA7-2DA5-4B98-ACD5-BD7DEE5CD753}.Release|Any CPU.ActiveCfg = Release|Any CPU
		{229EFEA7-2DA5-4B98-ACD5-BD7DEE5CD753}.Release|Any CPU.Build.0 = Release|Any CPU
	EndGlobalSection
	GlobalSection(SolutionProperties) = preSolution
		HideSolutionNode = FALSE
	EndGlobalSection
	GlobalSection(ExtensibilityGlobals) = postSolution
		SolutionGuid = {F6E6D0FF-EE7D-479A-A396-95482FAC75AB}
	EndGlobalSection
EndGlobal
